Microsoft Visual Studio Solution File, Format Version 12.00
# Visual Studio 2012
Project("{FAE04EC0-301F-11D3-BF4B-00C04F79EFBC}") = "Kings&Peasants", "Kings&Peasants.csproj", "{6BB07DEA-E64F-4D4E-92A8-5558ABE97ADF}"
EndProject
Global
	GlobalSection(SolutionConfigurationPlatforms) = preSolution
	Debug|Any CPU = Debug|Any CPU
	Release|Any CPU = Release|Any CPU
	Tools|Any CPU = Tools|Any CPU
	EndGlobalSection
	GlobalSection(ProjectConfigurationPlatforms) = postSolution
		{6BB07DEA-E64F-4D4E-92A8-5558ABE97ADF}.Debug|Any CPU.ActiveCfg = Debug|Any CPU
		{6BB07DEA-E64F-4D4E-92A8-5558ABE97ADF}.Debug|Any CPU.Build.0 = Debug|Any CPU
		{6BB07DEA-E64F-4D4E-92A8-5558ABE97ADF}.Release|Any CPU.ActiveCfg = Release|Any CPU
		{6BB07DEA-E64F-4D4E-92A8-5558ABE97ADF}.Release|Any CPU.Build.0 = Release|Any CPU
		{6BB07DEA-E64F-4D4E-92A8-5558ABE97ADF}.Tools|Any CPU.ActiveCfg = Tools|Any CPU
		{6BB07DEA-E64F-4D4E-92A8-5558ABE97ADF}.Tools|Any CPU.Build.0 = Tools|Any CPU
	EndGlobalSection
EndGlobal
